{
  "_readme": [
    "This file locks the dependencies of your project to a known state",
    "This file is generated automatically"
  ],
  "content-hash": "e7738ce23605398daadfc3f81bf5260c",
  "packages": [],
  "packages-dev": [],
  "aliases": [],
  "minimum-stability": "stable",
  "stability-flags": {},
  "prefer-stable": false,
  "prefer-lowest": false,
  "platform": {},
  "platform-dev": {},
  "plugin-api-version": "2.6.0"
}
